
Microsoft Visual Studio Solution File, Format Version 12.00
# Visual Studio Version 16
VisualStudioVersion = 16.0.30104.148
MinimumVisualStudioVersion = 10.0.40219.1
Project("{FAE04EC0-301F-11D3-BF4B-00C04F79EFBC}") = "ApiPeliculas", "ApiPeliculas\ApiPeliculas.csproj", "{528F6239-FA0F-418A-94D8-F48106B1A2BA}"
EndProject
Global
	GlobalSection(SolutionConfigurationPlatforms) = preSolution
		Debug|Any CPU = Debug|Any CPU
		Release|Any CPU = Release|Any CPU
	EndGlobalSection
	GlobalSection(ProjectConfigurationPlatforms) = postSolution
		{528F6239-FA0F-418A-94D8-F48106B1A2BA}.Debug|Any CPU.ActiveCfg = Debug|Any CPU
		{528F6239-FA0F-418A-94D8-F48106B1A2BA}.Debug|Any CPU.Build.0 = Debug|Any CPU
		{528F6239-FA0F-418A-94D8-F48106B1A2BA}.Release|Any CPU.ActiveCfg = Release|Any CPU
		{528F6239-FA0F-418A-94D8-F48106B1A2BA}.Release|Any CPU.Build.0 = Release|Any CPU
	EndGlobalSection
	GlobalSection(SolutionProperties) = preSolution
		HideSolutionNode = FALSE
	EndGlobalSection
	GlobalSection(ExtensibilityGlobals) = postSolution
		SolutionGuid = {C8EA9ABB-FD6B-42F2-8753-47025EF1D66F}
	EndGlobalSection
EndGlobal
